hash: 4b4b28d31de742cdcf85e7495eb4583d1a8f963a31078f36c0f389b635ccb462
updated: 2017-12-11T11:50:01.0211249+05:30
imports:
- name: github.com/codegangsta/negroni
  version: cc68f18cd7e1157c71811df1396496a9db0e997d
- name: github.com/gorilla/context
  version: 08b5f424b9271eedf6f9f0ce86cb9396ed337a42
- name: github.com/gorilla/handlers
  version: 90663712d74cb411cbef281bc1e08c19d1a76145
- name: github.com/gorilla/mux
  version: 7f08801859139f86dfafd1c296e2cba9a80d292e
- name: github.com/lib/pq
  version: 83612a56d3dd153a94a629cd64925371c9adad78
  subpackages:
  - oid
- name: github.com/Sirupsen/logrus
  version: d682213848ed68c0a260ca37d6dd5ace8423f5ba
- name: golang.org/x/crypto
  version: 94eea52f7b742c7cbe0b03b22f0c4c8631ece122
  subpackages:
  - ssh/terminal
- name: golang.org/x/sys
  version: b8f5ef32195cae6470b728e8ca677f0dbed1a004
  subpackages:
  - unix
  - windows
testImports: []
